// !$*UTF8*$!
{
	archiveVersion = 1;
	classes = {
	};
	objectVersion = 56;
	objects = {

/* Begin PBXBuildFile section */
		E679D6132B208F6700A47AC5 /* IOSClockAppApp.swift in Sources */ = {isa = PBXBuildFile; fileRef = E679D6122B208F6700A47AC5 /* IOSClockAppApp.swift */; };
		E679D6152B208F6700A47AC5 /* ContentView.swift in Sources */ = {isa = PBXBuildFile; fileRef = E679D6142B208F6700A47AC5 /* ContentView.swift */; };
		E679D6172B208F6A00A47AC5 /* Assets.xcassets in Resources */ = {isa = PBXBuildFile; fileRef = E679D6162B208F6A00A47AC5 /* Assets.xcassets */; };
		E679D61A2B208F6A00A47AC5 /* Preview Assets.xcassets in Resources */ = {isa = PBXBuildFile; fileRef = E679D6192B208F6A00A47AC5 /* Preview Assets.xcassets */; };
		E679D6242B208F6A00A47AC5 /* IOSClockAppTests.swift in Sources */ = {isa = PBXBuildFile; fileRef = E679D6232B208F6A00A47AC5 /* IOSClockAppTests.swift */; };
		E679D62E2B208F6A00A47AC5 /* IOSClockAppUITests.swift in Sources */ = {isa = PBXBuildFile; fileRef = E679D62D2B208F6A00A47AC5 /* IOSClockAppUITests.swift */; };
		E679D6302B208F6A00A47AC5 /* IOSClockAppUITestsLaunchTests.swift in Sources */ = {isa = PBXBuildFile; fileRef = E679D62F2B208F6A00A47AC5 /* IOSClockAppUITestsLaunchTests.swift */; };
		E679D6402B2090FF00A47AC5 /* ColorExtensions.swift in Sources */ = {isa = PBXBuildFile; fileRef = E679D63F2B2090FF00A47AC5 /* ColorExtensions.swift */; };
		E679D6422B2091AA00A47AC5 /* ClockView.swift in Sources */ = {isa = PBXBuildFile; fileRef = E679D6412B2091AA00A47AC5 /* ClockView.swift */; };
		E679D6442B2091FD00A47AC5 /* TickShape.swift in Sources */ = {isa = PBXBuildFile; fileRef = E679D6432B2091FD00A47AC5 /* TickShape.swift */; };
		E679D6462B20A51100A47AC5 /* NumbersView.swift in Sources */ = {isa = PBXBuildFile; fileRef = E679D6452B20A51100A47AC5 /* NumbersView.swift */; };
		E679D6482B20A73D00A47AC5 /* FontExtension.swift in Sources */ = {isa = PBXBuildFile; fileRef = E679D6472B20A73D00A47AC5 /* FontExtension.swift */; };
		E679D64A2B20A98100A47AC5 /* ActionButtonStyle.swift in Sources */ = {isa = PBXBuildFile; fileRef = E679D6492B20A98100A47AC5 /* ActionButtonStyle.swift */; };
		E679D64C2B20CFDE00A47AC5 /* NidleView.swift in Sources */ = {isa = PBXBuildFile; fileRef = E679D64B2B20CFDE00A47AC5 /* NidleView.swift */; };
		E679D64E2B20D5EC00A47AC5 /* LapItemPresenter.swift in Sources */ = {isa = PBXBuildFile; fileRef = E679D64D2B20D5EC00A47AC5 /* LapItemPresenter.swift */; };
		E679D6502B20D6A100A47AC5 /* LapType.swift in Sources */ = {isa = PBXBuildFile; fileRef = E679D64F2B20D6A100A47AC5 /* LapType.swift */; };
		E679D6532B20D70B00A47AC5 /* ViewModel.swift in Sources */ = {isa = PBXBuildFile; fileRef = E679D6522B20D70B00A47AC5 /* ViewModel.swift */; };
		E679D6572B20FBF300A47AC5 /* LeftButtonType.swift in Sources */ = {isa = PBXBuildFile; fileRef = E679D6562B20FBF300A47AC5 /* LeftButtonType.swift */; };
/* End PBXBuildFile section */

/* Begin PBXContainerItemProxy section */
		E679D6202B208F6A00A47AC5 /* PBXContainerItemProxy */ = {
			isa = PBXContainerItemProxy;
			containerPortal = E679D6072B208F6700A47AC5 /* Project object */;
			proxyType = 1;
			remoteGlobalIDString = E679D60E2B208F6700A47AC5;
			remoteInfo = IOSClockApp;
		};
		E679D62A2B208F6A00A47AC5 /* PBXContainerItemProxy */ = {
			isa = PBXContainerItemProxy;
			containerPortal = E679D6072B208F6700A47AC5 /* Project object */;
			proxyType = 1;
			remoteGlobalIDString = E679D60E2B208F6700A47AC5;
			remoteInfo = IOSClockApp;
		};
/* End PBXContainerItemProxy section */

/* Begin PBXFileReference section */
		E679D60F2B208F6700A47AC5 /* IOSClockApp.app */ = {isa = PBXFileReference; explicitFileType = wrapper.application; includeInIndex = 0; path = IOSClockApp.app; sourceTree = BUILT_PRODUCTS_DIR; };
		E679D6122B208F6700A47AC5 /* IOSClockAppApp.swift */ = {isa = PBXFileReference; lastKnownFileType = sourcecode.swift; path = IOSClockAppApp.swift; sourceTree = "<group>"; };
		E679D6142B208F6700A47AC5 /* ContentView.swift */ = {isa = PBXFileReference; lastKnownFileType = sourcecode.swift; path = ContentView.swift; sourceTree = "<group>"; };
		E679D6162B208F6A00A47AC5 /* Assets.xcassets */ = {isa = PBXFileReference; lastKnownFileType = folder.assetcatalog; path = Assets.xcassets; sourceTree = "<group>"; };
		E679D6192B208F6A00A47AC5 /* Preview Assets.xcassets */ = {isa = PBXFileReference; lastKnownFileType = folder.assetcatalog; path = "Preview Assets.xcassets"; sourceTree = "<group>"; };
		E679D61F2B208F6A00A47AC5 /* IOSClockAppTests.xctest */ = {isa = PBXFileReference; explicitFileType = wrapper.cfbundle; includeInIndex = 0; path = IOSClockAppTests.xctest; sourceTree = BUILT_PRODUCTS_DIR; };
		E679D6232B208F6A00A47AC5 /* IOSClockAppTests.swift */ = {isa = PBXFileReference; lastKnownFileType = sourcecode.swift; path = IOSClockAppTests.swift; sourceTree = "<group>"; };
		E679D6292B208F6A00A47AC5 /* IOSClockAppUITests.xctest */ = {isa = PBXFileReference; explicitFileType = wrapper.cfbundle; includeInIndex = 0; path = IOSClockAppUITests.xctest; sourceTree = BUILT_PRODUCTS_DIR; };
		E679D62D2B208F6A00A47AC5 /* IOSClockAppUITests.swift */ = {isa = PBXFileReference; lastKnownFileType = sourcecode.swift; path = IOSClockAppUITests.swift; sourceTree = "<group>"; };
		E679D62F2B208F6A00A47AC5 /* IOSClockAppUITestsLaunchTests.swift */ = {isa = PBXFileReference; lastKnownFileType = sourcecode.swift; path = IOSClockAppUITestsLaunchTests.swift; sourceTree = "<group>"; };
		E679D63F2B2090FF00A47AC5 /* ColorExtensions.swift */ = {isa = PBXFileReference; lastKnownFileType = sourcecode.swift; path = ColorExtensions.swift; sourceTree = "<group>"; };
		E679D6412B2091AA00A47AC5 /* ClockView.swift */ = {isa = PBXFileReference; lastKnownFileType = sourcecode.swift; path = ClockView.swift; sourceTree = "<group>"; };
		E679D6432B2091FD00A47AC5 /* TickShape.swift */ = {isa = PBXFileReference; lastKnownFileType = sourcecode.swift; path = TickShape.swift; sourceTree = "<group>"; };
		E679D6452B20A51100A47AC5 /* NumbersView.swift */ = {isa = PBXFileReference; lastKnownFileType = sourcecode.swift; path = NumbersView.swift; sourceTree = "<group>"; };
		E679D6472B20A73D00A47AC5 /* FontExtension.swift */ = {isa = PBXFileReference; lastKnownFileType = sourcecode.swift; path = FontExtension.swift; sourceTree = "<group>"; };
		E679D6492B20A98100A47AC5 /* ActionButtonStyle.swift */ = {isa = PBXFileReference; lastKnownFileType = sourcecode.swift; path = ActionButtonStyle.swift; sourceTree = "<group>"; };
		E679D64B2B20CFDE00A47AC5 /* NidleView.swift */ = {isa = PBXFileReference; lastKnownFileType = sourcecode.swift; path = NidleView.swift; sourceTree = "<group>"; };
		E679D64D2B20D5EC00A47AC5 /* LapItemPresenter.swift */ = {isa = PBXFileReference; lastKnownFileType = sourcecode.swift; path = LapItemPresenter.swift; sourceTree = "<group>"; };
		E679D64F2B20D6A100A47AC5 /* LapType.swift */ = {isa = PBXFileReference; lastKnownFileType = sourcecode.swift; path = LapType.swift; sourceTree = "<group>"; };
		E679D6522B20D70B00A47AC5 /* ViewModel.swift */ = {isa = PBXFileReference; lastKnownFileType = sourcecode.swift; path = ViewModel.swift; sourceTree = "<group>"; };
		E679D6542B20F2B000A47AC5 /* Info.plist */ = {isa = PBXFileReference; lastKnownFileType = text.plist; path = Info.plist; sourceTree = "<group>"; };
		E679D6562B20FBF300A47AC5 /* LeftButtonType.swift */ = {isa = PBXFileReference; lastKnownFileType = sourcecode.swift; path = LeftButtonType.swift; sourceTree = "<group>"; };
/* End PBXFileReference section */

/* Begin PBXFrameworksBuildPhase section */
		E679D60C2B208F6700A47AC5 /* Frameworks */ = {
			isa = PBXFrameworksBuildPhase;
			buildActionMask = 2147483647;
			files = (
			);
			runOnlyForDeploymentPostprocessing = 0;
		};
		E679D61C2B208F6A00A47AC5 /* Frameworks */ = {
			isa = PBXFrameworksBuildPhase;
			buildActionMask = 2147483647;
			files = (
			);
			runOnlyForDeploymentPostprocessing = 0;
		};
		E679D6262B208F6A00A47AC5 /* Frameworks */ = {
			isa = PBXFrameworksBuildPhase;
			buildActionMask = 2147483647;
			files = (
			);
			runOnlyForDeploymentPostprocessing = 0;
		};
/* End PBXFrameworksBuildPhase section */

/* Begin PBXGroup section */
		E679D6062B208F6700A47AC5 = {
			isa = PBXGroup;
			children = (
				E679D6112B208F6700A47AC5 /* IOSClockApp */,
				E679D6222B208F6A00A47AC5 /* IOSClockAppTests */,
				E679D62C2B208F6A00A47AC5 /* IOSClockAppUITests */,
				E679D6102B208F6700A47AC5 /* Products */,
			);
			sourceTree = "<group>";
		};
		E679D6102B208F6700A47AC5 /* Products */ = {
			isa = PBXGroup;
			children = (
				E679D60F2B208F6700A47AC5 /* IOSClockApp.app */,
				E679D61F2B208F6A00A47AC5 /* IOSClockAppTests.xctest */,
				E679D6292B208F6A00A47AC5 /* IOSClockAppUITests.xctest */,
			);
			name = Products;
			sourceTree = "<group>";
		};
		E679D6112B208F6700A47AC5 /* IOSClockApp */ = {
			isa = PBXGroup;
			children = (
				E679D6542B20F2B000A47AC5 /* Info.plist */,
				E679D63C2B208F7A00A47AC5 /* App */,
				E679D6582B21143000A47AC5 /* Styles */,
				E679D63E2B2090E000A47AC5 /* Extensions */,
				E679D6592B21149000A47AC5 /* Enumaration */,
				E679D6552B20F34900A47AC5 /* Model */,
				E679D6512B20D6FE00A47AC5 /* ViewModel */,
				E679D63D2B208F8700A47AC5 /* View */,
				E679D6162B208F6A00A47AC5 /* Assets.xcassets */,
				E679D6182B208F6A00A47AC5 /* Preview Content */,
			);
			path = IOSClockApp;
			sourceTree = "<group>";
		};
		E679D6182B208F6A00A47AC5 /* Preview Content */ = {
			isa = PBXGroup;
			children = (
				E679D6192B208F6A00A47AC5 /* Preview Assets.xcassets */,
			);
			path = "Preview Content";
			sourceTree = "<group>";
		};
		E679D6222B208F6A00A47AC5 /* IOSClockAppTests */ = {
			isa = PBXGroup;
			children = (
				E679D6232B208F6A00A47AC5 /* IOSClockAppTests.swift */,
			);
			path = IOSClockAppTests;
			sourceTree = "<group>";
		};
		E679D62C2B208F6A00A47AC5 /* IOSClockAppUITests */ = {
			isa = PBXGroup;
			children = (
				E679D62D2B208F6A00A47AC5 /* IOSClockAppUITests.swift */,
				E679D62F2B208F6A00A47AC5 /* IOSClockAppUITestsLaunchTests.swift */,
			);
			path = IOSClockAppUITests;
			sourceTree = "<group>";
		};
		E679D63C2B208F7A00A47AC5 /* App */ = {
			isa = PBXGroup;
			children = (
				E679D6122B208F6700A47AC5 /* IOSClockAppApp.swift */,
			);
			path = App;
			sourceTree = "<group>";
		};
		E679D63D2B208F8700A47AC5 /* View */ = {
			isa = PBXGroup;
			children = (
				E679D6412B2091AA00A47AC5 /* ClockView.swift */,
				E679D6142B208F6700A47AC5 /* ContentView.swift */,
				E679D64B2B20CFDE00A47AC5 /* NidleView.swift */,
				E679D6452B20A51100A47AC5 /* NumbersView.swift */,
			);
			path = View;
			sourceTree = "<group>";
		};
		E679D63E2B2090E000A47AC5 /* Extensions */ = {
			isa = PBXGroup;
			children = (
				E679D63F2B2090FF00A47AC5 /* ColorExtensions.swift */,
				E679D6472B20A73D00A47AC5 /* FontExtension.swift */,
			);
			path = Extensions;
			sourceTree = "<group>";
		};
		E679D6512B20D6FE00A47AC5 /* ViewModel */ = {
			isa = PBXGroup;
			children = (
				E679D6522B20D70B00A47AC5 /* ViewModel.swift */,
			);
			path = ViewModel;
			sourceTree = "<group>";
		};
		E679D6552B20F34900A47AC5 /* Model */ = {
			isa = PBXGroup;
			children = (
				E679D64D2B20D5EC00A47AC5 /* LapItemPresenter.swift */,
			);
			path = Model;
			sourceTree = "<group>";
		};
		E679D6582B21143000A47AC5 /* Styles */ = {
			isa = PBXGroup;
			children = (
				E679D6432B2091FD00A47AC5 /* TickShape.swift */,
				E679D6492B20A98100A47AC5 /* ActionButtonStyle.swift */,
			);
			path = Styles;
			sourceTree = "<group>";
		};
		E679D6592B21149000A47AC5 /* Enumaration */ = {
			isa = PBXGroup;
			children = (
				E679D6562B20FBF300A47AC5 /* LeftButtonType.swift */,
				E679D64F2B20D6A100A47AC5 /* LapType.swift */,
			);
			path = Enumaration;
			sourceTree = "<group>";
		};
/* End PBXGroup section */

/* Begin PBXNativeTarget section */
		E679D60E2B208F6700A47AC5 /* IOSClockApp */ = {
			isa = PBXNativeTarget;
			buildConfigurationList = E679D6332B208F6A00A47AC5 /* Build configuration list for PBXNativeTarget "IOSClockApp" */;
			buildPhases = (
				E679D60B2B208F6700A47AC5 /* Sources */,
				E679D60C2B208F6700A47AC5 /* Frameworks */,
				E679D60D2B208F6700A47AC5 /* Resources */,
			);
			buildRules = (
			);
			dependencies = (
			);
			name = IOSClockApp;
			productName = IOSClockApp;
			productReference = E679D60F2B208F6700A47AC5 /* IOSClockApp.app */;
			productType = "com.apple.product-type.application";
		};
		E679D61E2B208F6A00A47AC5 /* IOSClockAppTests */ = {
			isa = PBXNativeTarget;
			buildConfigurationList = E679D6362B208F6A00A47AC5 /* Build configuration list for PBXNativeTarget "IOSClockAppTests" */;
			buildPhases = (
				E679D61B2B208F6A00A47AC5 /* Sources */,
				E679D61C2B208F6A00A47AC5 /* Frameworks */,
				E679D61D2B208F6A00A47AC5 /* Resources */,
			);
			buildRules = (
			);
			dependencies = (
				E679D6212B208F6A00A47AC5 /* PBXTargetDependency */,
			);
			name = IOSClockAppTests;
			productName = IOSClockAppTests;
			productReference = E679D61F2B208F6A00A47AC5 /* IOSClockAppTests.xctest */;
			productType = "com.apple.product-type.bundle.unit-test";
		};
		E679D6282B208F6A00A47AC5 /* IOSClockAppUITests */ = {
			isa = PBXNativeTarget;
			buildConfigurationList = E679D6392B208F6A00A47AC5 /* Build configuration list for PBXNativeTarget "IOSClockAppUITests" */;
			buildPhases = (
				E679D6252B208F6A00A47AC5 /* Sources */,
				E679D6262B208F6A00A47AC5 /* Frameworks */,
				E679D6272B208F6A00A47AC5 /* Resources */,
			);
			buildRules = (
			);
			dependencies = (
				E679D62B2B208F6A00A47AC5 /* PBXTargetDependency */,
			);
			name = IOSClockAppUITests;
			productName = IOSClockAppUITests;
			productReference = E679D6292B208F6A00A47AC5 /* IOSClockAppUITests.xctest */;
			productType = "com.apple.product-type.bundle.ui-testing";
		};
/* End PBXNativeTarget section */

/* Begin PBXProject section */
		E679D6072B208F6700A47AC5 /* Project object */ = {
			isa = PBXProject;
			attributes = {
				BuildIndependentTargetsInParallel = 1;
				LastSwiftUpdateCheck = 1500;
				LastUpgradeCheck = 1500;
				TargetAttributes = {
					E679D60E2B208F6700A47AC5 = {
						CreatedOnToolsVersion = 15.0;
					};
					E679D61E2B208F6A00A47AC5 = {
						CreatedOnToolsVersion = 15.0;
						TestTargetID = E679D60E2B208F6700A47AC5;
					};
					E679D6282B208F6A00A47AC5 = {
						CreatedOnToolsVersion = 15.0;
						TestTargetID = E679D60E2B208F6700A47AC5;
					};
				};
			};
			buildConfigurationList = E679D60A2B208F6700A47AC5 /* Build configuration list for PBXProject "IOSClockApp" */;
			compatibilityVersion = "Xcode 14.0";
			developmentRegion = en;
			hasScannedForEncodings = 0;
			knownRegions = (
				en,
				Base,
			);
			mainGroup = E679D6062B208F6700A47AC5;
			productRefGroup = E679D6102B208F6700A47AC5 /* Products */;
			projectDirPath = "";
			projectRoot = "";
			targets = (
				E679D60E2B208F6700A47AC5 /* IOSClockApp */,
				E679D61E2B208F6A00A47AC5 /* IOSClockAppTests */,
				E679D6282B208F6A00A47AC5 /* IOSClockAppUITests */,
			);
		};
/* End PBXProject section */

/* Begin PBXResourcesBuildPhase section */
		E679D60D2B208F6700A47AC5 /* Resources */ = {
			isa = PBXResourcesBuildPhase;
			buildActionMask = 2147483647;
			files = (
				E679D61A2B208F6A00A47AC5 /* Preview Assets.xcassets in Resources */,
				E679D6172B208F6A00A47AC5 /* Assets.xcassets in Resources */,
			);
			runOnlyForDeploymentPostprocessing = 0;
		};
		E679D61D2B208F6A00A47AC5 /* Resources */ = {
			isa = PBXResourcesBuildPhase;
			buildActionMask = 2147483647;
			files = (
			);
			runOnlyForDeploymentPostprocessing = 0;
		};
		E679D6272B208F6A00A47AC5 /* Resources */ = {
			isa = PBXResourcesBuildPhase;
			buildActionMask = 2147483647;
			files = (
			);
			runOnlyForDeploymentPostprocessing = 0;
		};
/* End PBXResourcesBuildPhase section */

/* Begin PBXSourcesBuildPhase section */
		E679D60B2B208F6700A47AC5 /* Sources */ = {
			isa = PBXSourcesBuildPhase;
			buildActionMask = 2147483647;
			files = (
				E679D6152B208F6700A47AC5 /* ContentView.swift in Sources */,
				E679D6422B2091AA00A47AC5 /* ClockView.swift in Sources */,
				E679D64C2B20CFDE00A47AC5 /* NidleView.swift in Sources */,
				E679D6482B20A73D00A47AC5 /* FontExtension.swift in Sources */,
				E679D6572B20FBF300A47AC5 /* LeftButtonType.swift in Sources */,
				E679D6132B208F6700A47AC5 /* IOSClockAppApp.swift in Sources */,
				E679D6462B20A51100A47AC5 /* NumbersView.swift in Sources */,
				E679D64A2B20A98100A47AC5 /* ActionButtonStyle.swift in Sources */,
				E679D64E2B20D5EC00A47AC5 /* LapItemPresenter.swift in Sources */,
				E679D6502B20D6A100A47AC5 /* LapType.swift in Sources */,
				E679D6442B2091FD00A47AC5 /* TickShape.swift in Sources */,
				E679D6532B20D70B00A47AC5 /* ViewModel.swift in Sources */,
				E679D6402B2090FF00A47AC5 /* ColorExtensions.swift in Sources */,
			);
			runOnlyForDeploymentPostprocessing = 0;
		};
		E679D61B2B208F6A00A47AC5 /* Sources */ = {
			isa = PBXSourcesBuildPhase;
			buildActionMask = 2147483647;
			files = (
				E679D6242B208F6A00A47AC5 /* IOSClockAppTests.swift in Sources */,
			);
			runOnlyForDeploymentPostprocessing = 0;
		};
		E679D6252B208F6A00A47AC5 /* Sources */ = {
			isa = PBXSourcesBuildPhase;
			buildActionMask = 2147483647;
			files = (
				E679D62E2B208F6A00A47AC5 /* IOSClockAppUITests.swift in Sources */,
				E679D6302B208F6A00A47AC5 /* IOSClockAppUITestsLaunchTests.swift in Sources */,
			);
			runOnlyForDeploymentPostprocessing = 0;
		};
/* End PBXSourcesBuildPhase section */

/* Begin PBXTargetDependency section */
		E679D6212B208F6A00A47AC5 /* PBXTargetDependency */ = {
			isa = PBXTargetDependency;
			target = E679D60E2B208F6700A47AC5 /* IOSClockApp */;
			targetProxy = E679D6202B208F6A00A47AC5 /* PBXContainerItemProxy */;
		};
		E679D62B2B208F6A00A47AC5 /* PBXTargetDependency */ = {
			isa = PBXTargetDependency;
			target = E679D60E2B208F6700A47AC5 /* IOSClockApp */;
			targetProxy = E679D62A2B208F6A00A47AC5 /* PBXContainerItemProxy */;
		};
/* End PBXTargetDependency section */

/* Begin XCBuildConfiguration section */
		E679D6312B208F6A00A47AC5 /* Debug */ = {
			isa = XCBuildConfiguration;
			buildSettings = {
				ALWAYS_SEARCH_USER_PATHS = NO;
				ASSETCATALOG_COMPILER_GENERATE_SWIFT_ASSET_SYMBOL_EXTENSIONS = YES;
				CLANG_ANALYZER_NONNULL = YES;
				CLANG_ANALYZER_NUMBER_OBJECT_CONVERSION = YES_AGGRESSIVE;
				CLANG_CXX_LANGUAGE_STANDARD = "gnu++20";
				CLANG_ENABLE_MODULES = YES;
				CLANG_ENABLE_OBJC_ARC = YES;
				CLANG_ENABLE_OBJC_WEAK = YES;
				CLANG_WARN_BLOCK_CAPTURE_AUTORELEASING = YES;
				CLANG_WARN_BOOL_CONVERSION = YES;
				CLANG_WARN_COMMA = YES;
				CLANG_WARN_CONSTANT_CONVERSION = YES;
				CLANG_WARN_DEPRECATED_OBJC_IMPLEMENTATIONS = YES;
				CLANG_WARN_DIRECT_OBJC_ISA_USAGE = YES_ERROR;
				CLANG_WARN_DOCUMENTATION_COMMENTS = YES;
				CLANG_WARN_EMPTY_BODY = YES;
				CLANG_WARN_ENUM_CONVERSION = YES;
				CLANG_WARN_INFINITE_RECURSION = YES;
				CLANG_WARN_INT_CONVERSION = YES;
				CLANG_WARN_NON_LITERAL_NULL_CONVERSION = YES;
				CLANG_WARN_OBJC_IMPLICIT_RETAIN_SELF = YES;
				CLANG_WARN_OBJC_LITERAL_CONVERSION = YES;
				CLANG_WARN_OBJC_ROOT_CLASS = YES_ERROR;
				CLANG_WARN_QUOTED_INCLUDE_IN_FRAMEWORK_HEADER = YES;
				CLANG_WARN_RANGE_LOOP_ANALYSIS = YES;
				CLANG_WARN_STRICT_PROTOTYPES = YES;
				CLANG_WARN_SUSPICIOUS_MOVE = YES;
				CLANG_WARN_UNGUARDED_AVAILABILITY = YES_AGGRESSIVE;
				CLANG_WARN_UNREACHABLE_CODE = YES;
				CLANG_WARN__DUPLICATE_METHOD_MATCH = YES;
				COPY_PHASE_STRIP = NO;
				DEBUG_INFORMATION_FORMAT = dwarf;
				ENABLE_STRICT_OBJC_MSGSEND = YES;
				ENABLE_TESTABILITY = YES;
				ENABLE_USER_SCRIPT_SANDBOXING = YES;
				GCC_C_LANGUAGE_STANDARD = gnu17;
				GCC_DYNAMIC_NO_PIC = NO;
				GCC_NO_COMMON_BLOCKS = YES;
				GCC_OPTIMIZATION_LEVEL = 0;
				GCC_PREPROCESSOR_DEFINITIONS = (
					"DEBUG=1",
					"$(inherited)",
				);
				GCC_WARN_64_TO_32_BIT_CONVERSION = YES;
				GCC_WARN_ABOUT_RETURN_TYPE = YES_ERROR;
				GCC_WARN_UNDECLARED_SELECTOR = YES;
				GCC_WARN_UNINITIALIZED_AUTOS = YES_AGGRESSIVE;
				GCC_WARN_UNUSED_FUNCTION = YES;
				GCC_WARN_UNUSED_VARIABLE = YES;
				IPHONEOS_DEPLOYMENT_TARGET = 17.0;
				LOCALIZATION_PREFERS_STRING_CATALOGS = YES;
				MTL_ENABLE_DEBUG_INFO = INCLUDE_SOURCE;
				MTL_FAST_MATH = YES;
				ONLY_ACTIVE_ARCH = YES;
				SDKROOT = iphoneos;
				SWIFT_ACTIVE_COMPILATION_CONDITIONS = "DEBUG $(inherited)";
				SWIFT_OPTIMIZATION_LEVEL = "-Onone";
			};
			name = Debug;
		};
		E679D6322B208F6A00A47AC5 /* Release */ = {
			isa = XCBuildConfiguration;
			buildSettings = {
				ALWAYS_SEARCH_USER_PATHS = NO;
				ASSETCATALOG_COMPILER_GENERATE_SWIFT_ASSET_SYMBOL_EXTENSIONS = YES;
				CLANG_ANALYZER_NONNULL = YES;
				CLANG_ANALYZER_NUMBER_OBJECT_CONVERSION = YES_AGGRESSIVE;
				CLANG_CXX_LANGUAGE_STANDARD = "gnu++20";
				CLANG_ENABLE_MODULES = YES;
				CLANG_ENABLE_OBJC_ARC = YES;
				CLANG_ENABLE_OBJC_WEAK = YES;
				CLANG_WARN_BLOCK_CAPTURE_AUTORELEASING = YES;
				CLANG_WARN_BOOL_CONVERSION = YES;
				CLANG_WARN_COMMA = YES;
				CLANG_WARN_CONSTANT_CONVERSION = YES;
				CLANG_WARN_DEPRECATED_OBJC_IMPLEMENTATIONS = YES;
				CLANG_WARN_DIRECT_OBJC_ISA_USAGE = YES_ERROR;
				CLANG_WARN_DOCUMENTATION_COMMENTS = YES;
				CLANG_WARN_EMPTY_BODY = YES;
				CLANG_WARN_ENUM_CONVERSION = YES;
				CLANG_WARN_INFINITE_RECURSION = YES;
				CLANG_WARN_INT_CONVERSION = YES;
				CLANG_WARN_NON_LITERAL_NULL_CONVERSION = YES;
				CLANG_WARN_OBJC_IMPLICIT_RETAIN_SELF = YES;
				CLANG_WARN_OBJC_LITERAL_CONVERSION = YES;
				CLANG_WARN_OBJC_ROOT_CLASS = YES_ERROR;
				CLANG_WARN_QUOTED_INCLUDE_IN_FRAMEWORK_HEADER = YES;
				CLANG_WARN_RANGE_LOOP_ANALYSIS = YES;
				CLANG_WARN_STRICT_PROTOTYPES = YES;
				CLANG_WARN_SUSPICIOUS_MOVE = YES;
				CLANG_WARN_UNGUARDED_AVAILABILITY = YES_AGGRESSIVE;
				CLANG_WARN_UNREACHABLE_CODE = YES;
				CLANG_WARN__DUPLICATE_METHOD_MATCH = YES;
				COPY_PHASE_STRIP = NO;
				DEBUG_INFORMATION_FORMAT = "dwarf-with-dsym";
				ENABLE_NS_ASSERTIONS = NO;
				ENABLE_STRICT_OBJC_MSGSEND = YES;
				ENABLE_USER_SCRIPT_SANDBOXING = YES;
				GCC_C_LANGUAGE_STANDARD = gnu17;
				GCC_NO_COMMON_BLOCKS = YES;
				GCC_WARN_64_TO_32_BIT_CONVERSION = YES;
				GCC_WARN_ABOUT_RETURN_TYPE = YES_ERROR;
				GCC_WARN_UNDECLARED_SELECTOR = YES;
				GCC_WARN_UNINITIALIZED_AUTOS = YES_AGGRESSIVE;
				GCC_WARN_UNUSED_FUNCTION = YES;
				GCC_WARN_UNUSED_VARIABLE = YES;
				IPHONEOS_DEPLOYMENT_TARGET = 17.0;
				LOCALIZATION_PREFERS_STRING_CATALOGS = YES;
				MTL_ENABLE_DEBUG_INFO = NO;
				MTL_FAST_MATH = YES;
				SDKROOT = iphoneos;
				SWIFT_COMPILATION_MODE = wholemodule;
				VALIDATE_PRODUCT = YES;
			};
			name = Release;
		};
		E679D6342B208F6A00A47AC5 /* Debug */ = {
			isa = XCBuildConfiguration;
			buildSettings = {
				ASSETCATALOG_COMPILER_APPICON_NAME = AppIcon;
				ASSETCATALOG_COMPILER_GLOBAL_ACCENT_COLOR_NAME = AccentColor;
				CODE_SIGN_STYLE = Automatic;
				CURRENT_PROJECT_VERSION = 1;
				DEVELOPMENT_ASSET_PATHS = "\"IOSClockApp/Preview Content\"";
				DEVELOPMENT_TEAM = 7VQYDF5H63;
				ENABLE_PREVIEWS = YES;
				GENERATE_INFOPLIST_FILE = YES;
				INFOPLIST_FILE = IOSClockApp/Info.plist;
				INFOPLIST_KEY_UIApplicationSceneManifest_Generation = YES;
				INFOPLIST_KEY_UIApplicationSupportsIndirectInputEvents = YES;
				INFOPLIST_KEY_UILaunchScreen_Generation = YES;
				INFOPLIST_KEY_UIStatusBarStyle = UIStatusBarStyleLightContent;
				INFOPLIST_KEY_UISupportedInterfaceOrientations_iPad = "UIInterfaceOrientationPortrait UIInterfaceOrientationPortraitUpsideDown UIInterfaceOrientationLandscapeLeft UIInterfaceOrientationLandscapeRight";
				INFOPLIST_KEY_UISupportedInterfaceOrientations_iPhone = "UIInterfaceOrientationPortrait UIInterfaceOrientationLandscapeLeft UIInterfaceOrientationLandscapeRight";
				LD_RUNPATH_SEARCH_PATHS = (
					"$(inherited)",
					"@executable_path/Frameworks",
				);
				MARKETING_VERSION = 1.0;
				PRODUCT_BUNDLE_IDENTIFIER = com.Nagaraju.IOSClockApp;
				PRODUCT_NAME = "$(TARGET_NAME)";
				SWIFT_EMIT_LOC_STRINGS = YES;
				SWIFT_VERSION = 5.0;
				TARGETED_DEVICE_FAMILY = "1,2";
			};
			name = Debug;
		};
		E679D6352B208F6A00A47AC5 /* Release */ = {
			isa = XCBuildConfiguration;
			buildSettings = {
				ASSETCATALOG_COMPILER_APPICON_NAME = AppIcon;
				ASSETCATALOG_COMPILER_GLOBAL_ACCENT_COLOR_NAME = AccentColor;
				CODE_SIGN_STYLE = Automatic;
				CURRENT_PROJECT_VERSION = 1;
				DEVELOPMENT_ASSET_PATHS = "\"IOSClockApp/Preview Content\"";
				DEVELOPMENT_TEAM = 7VQYDF5H63;
				ENABLE_PREVIEWS = YES;
				GENERATE_INFOPLIST_FILE = YES;
				INFOPLIST_FILE = IOSClockApp/Info.plist;
				INFOPLIST_KEY_UIApplicationSceneManifest_Generation = YES;
				INFOPLIST_KEY_UIApplicationSupportsIndirectInputEvents = YES;
				INFOPLIST_KEY_UILaunchScreen_Generation = YES;
				INFOPLIST_KEY_UIStatusBarStyle = UIStatusBarStyleLightContent;
				INFOPLIST_KEY_UISupportedInterfaceOrientations_iPad = "UIInterfaceOrientationPortrait UIInterfaceOrientationPortraitUpsideDown UIInterfaceOrientationLandscapeLeft UIInterfaceOrientationLandscapeRight";
				INFOPLIST_KEY_UISupportedInterfaceOrientations_iPhone = "UIInterfaceOrientationPortrait UIInterfaceOrientationLandscapeLeft UIInterfaceOrientationLandscapeRight";
				LD_RUNPATH_SEARCH_PATHS = (
					"$(inherited)",
					"@executable_path/Frameworks",
				);
				MARKETING_VERSION = 1.0;
				PRODUCT_BUNDLE_IDENTIFIER = com.Nagaraju.IOSClockApp;
				PRODUCT_NAME = "$(TARGET_NAME)";
				SWIFT_EMIT_LOC_STRINGS = YES;
				SWIFT_VERSION = 5.0;
				TARGETED_DEVICE_FAMILY = "1,2";
			};
			name = Release;
		};
		E679D6372B208F6A00A47AC5 /* Debug */ = {
			isa = XCBuildConfiguration;
			buildSettings = {
				ALWAYS_EMBED_SWIFT_STANDARD_LIBRARIES = YES;
				BUNDLE_LOADER = "$(TEST_HOST)";
				CODE_SIGN_STYLE = Automatic;
				CURRENT_PROJECT_VERSION = 1;
				DEVELOPMENT_TEAM = 7VQYDF5H63;
				GENERATE_INFOPLIST_FILE = YES;
				IPHONEOS_DEPLOYMENT_TARGET = 17.0;
				MARKETING_VERSION = 1.0;
				PRODUCT_BUNDLE_IDENTIFIER = com.Nagaraju.IOSClockAppTests;
				PRODUCT_NAME = "$(TARGET_NAME)";
				SWIFT_EMIT_LOC_STRINGS = NO;
				SWIFT_VERSION = 5.0;
				TARGETED_DEVICE_FAMILY = "1,2";
				TEST_HOST = "$(BUILT_PRODUCTS_DIR)/IOSClockApp.app/$(BUNDLE_EXECUTABLE_FOLDER_PATH)/IOSClockApp";
			};
			name = Debug;
		};
		E679D6382B208F6A00A47AC5 /* Release */ = {
			isa = XCBuildConfiguration;
			buildSettings = {
				ALWAYS_EMBED_SWIFT_STANDARD_LIBRARIES = YES;
				BUNDLE_LOADER = "$(TEST_HOST)";
				CODE_SIGN_STYLE = Automatic;
				CURRENT_PROJECT_VERSION = 1;
				DEVELOPMENT_TEAM = 7VQYDF5H63;
				GENERATE_INFOPLIST_FILE = YES;
				IPHONEOS_DEPLOYMENT_TARGET = 17.0;
				MARKETING_VERSION = 1.0;
				PRODUCT_BUNDLE_IDENTIFIER = com.Nagaraju.IOSClockAppTests;
				PRODUCT_NAME = "$(TARGET_NAME)";
				SWIFT_EMIT_LOC_STRINGS = NO;
				SWIFT_VERSION = 5.0;
				TARGETED_DEVICE_FAMILY = "1,2";
				TEST_HOST = "$(BUILT_PRODUCTS_DIR)/IOSClockApp.app/$(BUNDLE_EXECUTABLE_FOLDER_PATH)/IOSClockApp";
			};
			name = Release;
		};
		E679D63A2B208F6A00A47AC5 /* Debug */ = {
			isa = XCBuildConfiguration;
			buildSettings = {
				ALWAYS_EMBED_SWIFT_STANDARD_LIBRARIES = YES;
				CODE_SIGN_STYLE = Automatic;
				CURRENT_PROJECT_VERSION = 1;
				DEVELOPMENT_TEAM = 7VQYDF5H63;
				GENERATE_INFOPLIST_FILE = YES;
				MARKETING_VERSION = 1.0;
				PRODUCT_BUNDLE_IDENTIFIER = com.Nagaraju.IOSClockAppUITests;
				PRODUCT_NAME = "$(TARGET_NAME)";
				SWIFT_EMIT_LOC_STRINGS = NO;
				SWIFT_VERSION = 5.0;
				TARGETED_DEVICE_FAMILY = "1,2";
				TEST_TARGET_NAME = IOSClockApp;
			};
			name = Debug;
		};
		E679D63B2B208F6A00A47AC5 /* Release */ = {
			isa = XCBuildConfiguration;
			buildSettings = {
				ALWAYS_EMBED_SWIFT_STANDARD_LIBRARIES = YES;
				CODE_SIGN_STYLE = Automatic;
				CURRENT_PROJECT_VERSION = 1;
				DEVELOPMENT_TEAM = 7VQYDF5H63;
				GENERATE_INFOPLIST_FILE = YES;
				MARKETING_VERSION = 1.0;
				PRODUCT_BUNDLE_IDENTIFIER = com.Nagaraju.IOSClockAppUITests;
				PRODUCT_NAME = "$(TARGET_NAME)";
				SWIFT_EMIT_LOC_STRINGS = NO;
				SWIFT_VERSION = 5.0;
				TARGETED_DEVICE_FAMILY = "1,2";
				TEST_TARGET_NAME = IOSClockApp;
			};
			name = Release;
		};
/* End XCBuildConfiguration section */

/* Begin XCConfigurationList section */
		E679D60A2B208F6700A47AC5 /* Build configuration list for PBXProject "IOSClockApp" */ = {
			isa = XCConfigurationList;
			buildConfigurations = (
				E679D6312B208F6A00A47AC5 /* Debug */,
				E679D6322B208F6A00A47AC5 /* Release */,
			);
			defaultConfigurationIsVisible = 0;
			defaultConfigurationName = Release;
		};
		E679D6332B208F6A00A47AC5 /* Build configuration list for PBXNativeTarget "IOSClockApp" */ = {
			isa = XCConfigurationList;
			buildConfigurations = (
				E679D6342B208F6A00A47AC5 /* Debug */,
				E679D6352B208F6A00A47AC5 /* Release */,
			);
			defaultConfigurationIsVisible = 0;
			defaultConfigurationName = Release;
		};
		E679D6362B208F6A00A47AC5 /* Build configuration list for PBXNativeTarget "IOSClockAppTests" */ = {
			isa = XCConfigurationList;
			buildConfigurations = (
				E679D6372B208F6A00A47AC5 /* Debug */,
				E679D6382B208F6A00A47AC5 /* Release */,
			);
			defaultConfigurationIsVisible = 0;
			defaultConfigurationName = Release;
		};
		E679D6392B208F6A00A47AC5 /* Build configuration list for PBXNativeTarget "IOSClockAppUITests" */ = {
			isa = XCConfigurationList;
			buildConfigurations = (
				E679D63A2B208F6A00A47AC5 /* Debug */,
				E679D63B2B208F6A00A47AC5 /* Release */,
			);
			defaultConfigurationIsVisible = 0;
			defaultConfigurationName = Release;
		};
/* End XCConfigurationList section */
	};
	rootObject = E679D6072B208F6700A47AC5 /* Project object */;
}
